// !$*UTF8*$!
{
	archiveVersion = 1;
	classes = {
	};
	objectVersion = 50;
	objects = {

/* Begin PBXBuildFile section */
		13A404FB2101E83200C9724A /* AppDelegate.m in Sources */ = {isa = PBXBuildFile; fileRef = 13A404FA2101E83200C9724A /* AppDelegate.m */; };
		13A404FE2101E83200C9724A /* ViewController.m in Sources */ = {isa = PBXBuildFile; fileRef = 13A404FD2101E83200C9724A /* ViewController.m */; };
		13A405002101E83300C9724A /* Assets.xcassets in Resources */ = {isa = PBXBuildFile; fileRef = 13A404FF2101E83300C9724A /* Assets.xcassets */; };
		13A405032101E83300C9724A /* Main.storyboard in Resources */ = {isa = PBXBuildFile; fileRef = 13A405012101E83300C9724A /* Main.storyboard */; };
		13A405062101E83300C9724A /* main.m in Sources */ = {isa = PBXBuildFile; fileRef = 13A405052101E83300C9724A /* main.m */; };
		7BF85BAC2101C77E0086E01A /* AppDelegate.m in Sources */ = {isa = PBXBuildFile; fileRef = 7BF85BAB2101C77E0086E01A /* AppDelegate.m */; };
		7BF85BAF2101C77E0086E01A /* ViewController.m in Sources */ = {isa = PBXBuildFile; fileRef = 7BF85BAE2101C77E0086E01A /* ViewController.m */; };
		7BF85BB22101C77E0086E01A /* Main.storyboard in Resources */ = {isa = PBXBuildFile; fileRef = 7BF85BB02101C77E0086E01A /* Main.storyboard */; };
		7BF85BB42101C77F0086E01A /* Assets.xcassets in Resources */ = {isa = PBXBuildFile; fileRef = 7BF85BB32101C77F0086E01A /* Assets.xcassets */; };
		7BF85BB72101C77F0086E01A /* LaunchScreen.storyboard in Resources */ = {isa = PBXBuildFile; fileRef = 7BF85BB52101C77F0086E01A /* LaunchScreen.storyboard */; };
		7BF85BBA2101C77F0086E01A /* main.m in Sources */ = {isa = PBXBuildFile; fileRef = 7BF85BB92101C77F0086E01A /* main.m */; };
		7BF85BC72101C7F90086E01A /* NotificationCenter.framework in Frameworks */ = {isa = PBXBuildFile; fileRef = 7BF85BC62101C7F90086E01A /* NotificationCenter.framework */; };
		7BF85BCB2101C7F90086E01A /* TodayViewController.m in Sources */ = {isa = PBXBuildFile; fileRef = 7BF85BCA2101C7F90086E01A /* TodayViewController.m */; };
		7BF85BCE2101C7F90086E01A /* MainInterface.storyboard in Resources */ = {isa = PBXBuildFile; fileRef = 7BF85BCC2101C7F90086E01A /* MainInterface.storyboard */; };
		7BF85BD22101C7F90086E01A /* Widget.appex in Embed App Extensions */ = {isa = PBXBuildFile; fileRef = 7BF85BC42101C7F90086E01A /* Widget.appex */; settings = {ATTRIBUTES = (RemoveHeadersOnCopy, ); }; };
		7BF85BDC2101CC680086E01A /* SoundCollectionViewCell.m in Sources */ = {isa = PBXBuildFile; fileRef = 7BF85BDA2101CC680086E01A /* SoundCollectionViewCell.m */; };
		7BF85BDD2101CC680086E01A /* SoundCollectionViewCell.xib in Resources */ = {isa = PBXBuildFile; fileRef = 7BF85BDB2101CC680086E01A /* SoundCollectionViewCell.xib */; };
		7BF85BE62101D8350086E01A /* SoundItem.m in Sources */ = {isa = PBXBuildFile; fileRef = 7BF85BE52101D8350086E01A /* SoundItem.m */; };
		7BF85BE72101D83A0086E01A /* SoundItem.m in Sources */ = {isa = PBXBuildFile; fileRef = 7BF85BE52101D8350086E01A /* SoundItem.m */; };
		7BF85BF32101E14C0086E01A /* autopromo.wav in Resources */ = {isa = PBXBuildFile; fileRef = 7BF85BED2101E14B0086E01A /* autopromo.wav */; };
		7BF85BF42101E14C0086E01A /* autopromo.wav in Resources */ = {isa = PBXBuildFile; fileRef = 7BF85BED2101E14B0086E01A /* autopromo.wav */; };
		7BF85BF52101E14C0086E01A /* stop.png in Resources */ = {isa = PBXBuildFile; fileRef = 7BF85BEE2101E14C0086E01A /* stop.png */; };
		7BF85BF62101E14C0086E01A /* stop.png in Resources */ = {isa = PBXBuildFile; fileRef = 7BF85BEE2101E14C0086E01A /* stop.png */; };
		7BF85BF72101E14C0086E01A /* dejapostee.wav in Resources */ = {isa = PBXBuildFile; fileRef = 7BF85BEF2101E14C0086E01A /* dejapostee.wav */; };
		7BF85BF82101E14C0086E01A /* dejapostee.wav in Resources */ = {isa = PBXBuildFile; fileRef = 7BF85BEF2101E14C0086E01A /* dejapostee.wav */; };
		7BF85BF92101E14C0086E01A /* nice.wav in Resources */ = {isa = PBXBuildFile; fileRef = 7BF85BF02101E14C0086E01A /* nice.wav */; };
		7BF85BFA2101E14C0086E01A /* nice.wav in Resources */ = {isa = PBXBuildFile; fileRef = 7BF85BF02101E14C0086E01A /* nice.wav */; };
		7BF85BFB2101E14C0086E01A /* issou.wav in Resources */ = {isa = PBXBuildFile; fileRef = 7BF85BF12101E14C0086E01A /* issou.wav */; };
		7BF85BFC2101E14C0086E01A /* issou.wav in Resources */ = {isa = PBXBuildFile; fileRef = 7BF85BF12101E14C0086E01A /* issou.wav */; };
		7BF85BFD2101E14C0086E01A /* play.png in Resources */ = {isa = PBXBuildFile; fileRef = 7BF85BF22101E14C0086E01A /* play.png */; };
		7BF85BFE2101E14C0086E01A /* play.png in Resources */ = {isa = PBXBuildFile; fileRef = 7BF85BF22101E14C0086E01A /* play.png */; };
		7BF85C022101E2E30086E01A /* turkey.wav in Resources */ = {isa = PBXBuildFile; fileRef = 7BF85BFF2101E2E30086E01A /* turkey.wav */; };
		7BF85C032101E2E30086E01A /* turkey.wav in Resources */ = {isa = PBXBuildFile; fileRef = 7BF85BFF2101E2E30086E01A /* turkey.wav */; };
		7BF85C042101E2E30086E01A /* encoredutravail.wav in Resources */ = {isa = PBXBuildFile; fileRef = 7BF85C002101E2E30086E01A /* encoredutravail.wav */; };
		7BF85C052101E2E30086E01A /* encoredutravail.wav in Resources */ = {isa = PBXBuildFile; fileRef = 7BF85C002101E2E30086E01A /* encoredutravail.wav */; };
		7BF85C062101E2E30086E01A /* ouimessire.wav in Resources */ = {isa = PBXBuildFile; fileRef = 7BF85C012101E2E30086E01A /* ouimessire.wav */; };
		7BF85C072101E2E30086E01A /* ouimessire.wav in Resources */ = {isa = PBXBuildFile; fileRef = 7BF85C012101E2E30086E01A /* ouimessire.wav */; };
		7BF85C092101E5900086E01A /* deloquetoi.wav in Resources */ = {isa = PBXBuildFile; fileRef = 7BF85C082101E5900086E01A /* deloquetoi.wav */; };
		7BF85C0A2101E5900086E01A /* deloquetoi.wav in Resources */ = {isa = PBXBuildFile; fileRef = 7BF85C082101E5900086E01A /* deloquetoi.wav */; };
		7BF85C0C2101E6C60086E01A /* mlleman.wav in Resources */ = {isa = PBXBuildFile; fileRef = 7BF85C0B2101E6C60086E01A /* mlleman.wav */; };
		7BF85C0D2101E6C60086E01A /* mlleman.wav in Resources */ = {isa = PBXBuildFile; fileRef = 7BF85C0B2101E6C60086E01A /* mlleman.wav */; };
		7BF85C0F2101E97A0086E01A /* joe.wav in Resources */ = {isa = PBXBuildFile; fileRef = 7BF85C0E2101E97A0086E01A /* joe.wav */; };
		7BF85C102101E97A0086E01A /* joe.wav in Resources */ = {isa = PBXBuildFile; fileRef = 7BF85C0E2101E97A0086E01A /* joe.wav */; };
		7BF85C122101EA280086E01A /* pasdefatigue.wav in Resources */ = {isa = PBXBuildFile; fileRef = 7BF85C112101EA280086E01A /* pasdefatigue.wav */; };
		7BF85C132101EA280086E01A /* pasdefatigue.wav in Resources */ = {isa = PBXBuildFile; fileRef = 7BF85C112101EA280086E01A /* pasdefatigue.wav */; };
		7BF85C152101F52C0086E01A /* cestpasfaux.wav in Resources */ = {isa = PBXBuildFile; fileRef = 7BF85C142101F52C0086E01A /* cestpasfaux.wav */; };
		7BF85C162101F52C0086E01A /* cestpasfaux.wav in Resources */ = {isa = PBXBuildFile; fileRef = 7BF85C142101F52C0086E01A /* cestpasfaux.wav */; };
		7BF85C1B2101F8BB0086E01A /* onenagros.wav in Resources */ = {isa = PBXBuildFile; fileRef = 7BF85C1A2101F8BB0086E01A /* onenagros.wav */; };
		7BF85C1C2101F8BB0086E01A /* onenagros.wav in Resources */ = {isa = PBXBuildFile; fileRef = 7BF85C1A2101F8BB0086E01A /* onenagros.wav */; };
		7BF85C1E2101F9C40086E01A /* lecode.wav in Resources */ = {isa = PBXBuildFile; fileRef = 7BF85C1D2101F9C40086E01A /* lecode.wav */; };
		7BF85C1F2101F9C40086E01A /* lecode.wav in Resources */ = {isa = PBXBuildFile; fileRef = 7BF85C1D2101F9C40086E01A /* lecode.wav */; };
		7BF85C212101FA020086E01A /* baptiste.wav in Resources */ = {isa = PBXBuildFile; fileRef = 7BF85C202101FA020086E01A /* baptiste.wav */; };
		7BF85C222101FA020086E01A /* baptiste.wav in Resources */ = {isa = PBXBuildFile; fileRef = 7BF85C202101FA020086E01A /* baptiste.wav */; };
		7BF85C242101FB660086E01A /* IZI.wav in Resources */ = {isa = PBXBuildFile; fileRef = 7BF85C232101FB660086E01A /* IZI.wav */; };
		7BF85C252101FB660086E01A /* IZI.wav in Resources */ = {isa = PBXBuildFile; fileRef = 7BF85C232101FB660086E01A /* IZI.wav */; };
/* End PBXBuildFile section */

/* Begin PBXContainerItemProxy section */
		7BF85BD02101C7F90086E01A /* PBXContainerItemProxy */ = {
			isa = PBXContainerItemProxy;
			containerPortal = 7BF85B9F2101C77E0086E01A /* Project object */;
			proxyType = 1;
			remoteGlobalIDString = 7BF85BC32101C7F90086E01A;
			remoteInfo = Widget;
		};
/* End PBXContainerItemProxy section */

/* Begin PBXCopyFilesBuildPhase section */
		7BF85BD62101C7F90086E01A /* Embed App Extensions */ = {
			isa = PBXCopyFilesBuildPhase;
			buildActionMask = 2147483647;
			dstPath = "";
			dstSubfolderSpec = 13;
			files = (
				7BF85BD22101C7F90086E01A /* Widget.appex in Embed App Extensions */,
			);
			name = "Embed App Extensions";
			runOnlyForDeploymentPostprocessing = 0;
		};
/* End PBXCopyFilesBuildPhase section */

/* Begin PBXFileReference section */
		13A404F72101E83200C9724A /* SoundBoxMac.app */ = {isa = PBXFileReference; explicitFileType = wrapper.application; includeInIndex = 0; path = SoundBoxMac.app; sourceTree = BUILT_PRODUCTS_DIR; };
		13A404F92101E83200C9724A /* AppDelegate.h */ = {isa = PBXFileReference; lastKnownFileType = sourcecode.c.h; path = AppDelegate.h; sourceTree = "<group>"; };
		13A404FA2101E83200C9724A /* AppDelegate.m */ = {isa = PBXFileReference; lastKnownFileType = sourcecode.c.objc; path = AppDelegate.m; sourceTree = "<group>"; };
		13A404FC2101E83200C9724A /* ViewController.h */ = {isa = PBXFileReference; lastKnownFileType = sourcecode.c.h; path = ViewController.h; sourceTree = "<group>"; };
		13A404FD2101E83200C9724A /* ViewController.m */ = {isa = PBXFileReference; lastKnownFileType = sourcecode.c.objc; path = ViewController.m; sourceTree = "<group>"; };
		13A404FF2101E83300C9724A /* Assets.xcassets */ = {isa = PBXFileReference; lastKnownFileType = folder.assetcatalog; path = Assets.xcassets; sourceTree = "<group>"; };
		13A405022101E83300C9724A /* Base */ = {isa = PBXFileReference; lastKnownFileType = file.storyboard; name = Base; path = Base.lproj/Main.storyboard; sourceTree = "<group>"; };
		13A405042101E83300C9724A /* Info.plist */ = {isa = PBXFileReference; lastKnownFileType = text.plist.xml; path = Info.plist; sourceTree = "<group>"; };
		13A405052101E83300C9724A /* main.m */ = {isa = PBXFileReference; lastKnownFileType = sourcecode.c.objc; path = main.m; sourceTree = "<group>"; };
		13A405072101E83300C9724A /* SoundBoxMac.entitlements */ = {isa = PBXFileReference; lastKnownFileType = text.plist.entitlements; path = SoundBoxMac.entitlements; sourceTree = "<group>"; };
		7BF85BA72101C77E0086E01A /* SoundBox.app */ = {isa = PBXFileReference; explicitFileType = wrapper.application; includeInIndex = 0; path = SoundBox.app; sourceTree = BUILT_PRODUCTS_DIR; };
		7BF85BAA2101C77E0086E01A /* AppDelegate.h */ = {isa = PBXFileReference; lastKnownFileType = sourcecode.c.h; path = AppDelegate.h; sourceTree = "<group>"; };
		7BF85BAB2101C77E0086E01A /* AppDelegate.m */ = {isa = PBXFileReference; lastKnownFileType = sourcecode.c.objc; path = AppDelegate.m; sourceTree = "<group>"; };
		7BF85BAD2101C77E0086E01A /* ViewController.h */ = {isa = PBXFileReference; lastKnownFileType = sourcecode.c.h; path = ViewController.h; sourceTree = "<group>"; };
		7BF85BAE2101C77E0086E01A /* ViewController.m */ = {isa = PBXFileReference; lastKnownFileType = sourcecode.c.objc; path = ViewController.m; sourceTree = "<group>"; };
		7BF85BB12101C77E0086E01A /* Base */ = {isa = PBXFileReference; lastKnownFileType = file.storyboard; name = Base; path = Base.lproj/Main.storyboard; sourceTree = "<group>"; };
		7BF85BB32101C77F0086E01A /* Assets.xcassets */ = {isa = PBXFileReference; lastKnownFileType = folder.assetcatalog; path = Assets.xcassets; sourceTree = "<group>"; };
		7BF85BB62101C77F0086E01A /* Base */ = {isa = PBXFileReference; lastKnownFileType = file.storyboard; name = Base; path = Base.lproj/LaunchScreen.storyboard; sourceTree = "<group>"; };
		7BF85BB82101C77F0086E01A /* Info.plist */ = {isa = PBXFileReference; lastKnownFileType = text.plist.xml; path = Info.plist; sourceTree = "<group>"; };
		7BF85BB92101C77F0086E01A /* main.m */ = {isa = PBXFileReference; lastKnownFileType = sourcecode.c.objc; path = main.m; sourceTree = "<group>"; };
		7BF85BC42101C7F90086E01A /* Widget.appex */ = {isa = PBXFileReference; explicitFileType = "wrapper.app-extension"; includeInIndex = 0; path = Widget.appex; sourceTree = BUILT_PRODUCTS_DIR; };
		7BF85BC62101C7F90086E01A /* NotificationCenter.framework */ = {isa = PBXFileReference; lastKnownFileType = wrapper.framework; name = NotificationCenter.framework; path = System/Library/Frameworks/NotificationCenter.framework; sourceTree = SDKROOT; };
		7BF85BC92101C7F90086E01A /* TodayViewController.h */ = {isa = PBXFileReference; lastKnownFileType = sourcecode.c.h; path = TodayViewController.h; sourceTree = "<group>"; };
		7BF85BCA2101C7F90086E01A /* TodayViewController.m */ = {isa = PBXFileReference; lastKnownFileType = sourcecode.c.objc; path = TodayViewController.m; sourceTree = "<group>"; };
		7BF85BCD2101C7F90086E01A /* Base */ = {isa = PBXFileReference; lastKnownFileType = file.storyboard; name = Base; path = Base.lproj/MainInterface.storyboard; sourceTree = "<group>"; };
		7BF85BCF2101C7F90086E01A /* Info.plist */ = {isa = PBXFileReference; lastKnownFileType = text.plist.xml; path = Info.plist; sourceTree = "<group>"; };
		7BF85BD72101CB7E0086E01A /* SoundBox.entitlements */ = {isa = PBXFileReference; lastKnownFileType = text.plist.entitlements; path = SoundBox.entitlements; sourceTree = "<group>"; };
		7BF85BD82101CBE70086E01A /* Widget.entitlements */ = {isa = PBXFileReference; lastKnownFileType = text.plist.entitlements; path = Widget.entitlements; sourceTree = "<group>"; };
		7BF85BD92101CC680086E01A /* SoundCollectionViewCell.h */ = {isa = PBXFileReference; lastKnownFileType = sourcecode.c.h; path = SoundCollectionViewCell.h; sourceTree = "<group>"; };
		7BF85BDA2101CC680086E01A /* SoundCollectionViewCell.m */ = {isa = PBXFileReference; lastKnownFileType = sourcecode.c.objc; path = SoundCollectionViewCell.m; sourceTree = "<group>"; };
		7BF85BDB2101CC680086E01A /* SoundCollectionViewCell.xib */ = {isa = PBXFileReference; lastKnownFileType = file.xib; path = SoundCollectionViewCell.xib; sourceTree = "<group>"; };
		7BF85BE42101D8350086E01A /* SoundItem.h */ = {isa = PBXFileReference; lastKnownFileType = sourcecode.c.h; path = SoundItem.h; sourceTree = "<group>"; };
		7BF85BE52101D8350086E01A /* SoundItem.m */ = {isa = PBXFileReference; lastKnownFileType = sourcecode.c.objc; path = SoundItem.m; sourceTree = "<group>"; };
		7BF85BED2101E14B0086E01A /* autopromo.wav */ = {isa = PBXFileReference; lastKnownFileType = audio.wav; path = autopromo.wav; sourceTree = "<group>"; };
		7BF85BEE2101E14C0086E01A /* stop.png */ = {isa = PBXFileReference; lastKnownFileType = image.png; path = stop.png; sourceTree = "<group>"; };
		7BF85BEF2101E14C0086E01A /* dejapostee.wav */ = {isa = PBXFileReference; lastKnownFileType = audio.wav; path = dejapostee.wav; sourceTree = "<group>"; };
		7BF85BF02101E14C0086E01A /* nice.wav */ = {isa = PBXFileReference; lastKnownFileType = audio.wav; path = nice.wav; sourceTree = "<group>"; };
		7BF85BF12101E14C0086E01A /* issou.wav */ = {isa = PBXFileReference; lastKnownFileType = audio.wav; path = issou.wav; sourceTree = "<group>"; };
		7BF85BF22101E14C0086E01A /* play.png */ = {isa = PBXFileReference; lastKnownFileType = image.png; path = play.png; sourceTree = "<group>"; };
		7BF85BFF2101E2E30086E01A /* turkey.wav */ = {isa = PBXFileReference; lastKnownFileType = audio.wav; path = turkey.wav; sourceTree = "<group>"; };
		7BF85C002101E2E30086E01A /* encoredutravail.wav */ = {isa = PBXFileReference; lastKnownFileType = audio.wav; path = encoredutravail.wav; sourceTree = "<group>"; };
		7BF85C012101E2E30086E01A /* ouimessire.wav */ = {isa = PBXFileReference; lastKnownFileType = audio.wav; path = ouimessire.wav; sourceTree = "<group>"; };
		7BF85C082101E5900086E01A /* deloquetoi.wav */ = {isa = PBXFileReference; lastKnownFileType = audio.wav; path = deloquetoi.wav; sourceTree = "<group>"; };
		7BF85C0B2101E6C60086E01A /* mlleman.wav */ = {isa = PBXFileReference; lastKnownFileType = audio.wav; path = mlleman.wav; sourceTree = "<group>"; };
		7BF85C0E2101E97A0086E01A /* joe.wav */ = {isa = PBXFileReference; lastKnownFileType = audio.wav; path = joe.wav; sourceTree = "<group>"; };
		7BF85C112101EA280086E01A /* pasdefatigue.wav */ = {isa = PBXFileReference; lastKnownFileType = audio.wav; path = pasdefatigue.wav; sourceTree = "<group>"; };
		7BF85C142101F52C0086E01A /* cestpasfaux.wav */ = {isa = PBXFileReference; lastKnownFileType = audio.wav; path = cestpasfaux.wav; sourceTree = "<group>"; };
		7BF85C1A2101F8BB0086E01A /* onenagros.wav */ = {isa = PBXFileReference; lastKnownFileType = audio.wav; path = onenagros.wav; sourceTree = "<group>"; };
		7BF85C1D2101F9C40086E01A /* lecode.wav */ = {isa = PBXFileReference; lastKnownFileType = audio.wav; path = lecode.wav; sourceTree = "<group>"; };
		7BF85C202101FA020086E01A /* baptiste.wav */ = {isa = PBXFileReference; lastKnownFileType = audio.wav; path = baptiste.wav; sourceTree = "<group>"; };
		7BF85C232101FB660086E01A /* IZI.wav */ = {isa = PBXFileReference; lastKnownFileType = audio.wav; path = IZI.wav; sourceTree = "<group>"; };
/* End PBXFileReference section */

/* Begin PBXFrameworksBuildPhase section */
		13A404F42101E83200C9724A /* Frameworks */ = {
			isa = PBXFrameworksBuildPhase;
			buildActionMask = 2147483647;
			files = (
			);
			runOnlyForDeploymentPostprocessing = 0;
		};
		7BF85BA42101C77E0086E01A /* Frameworks */ = {
			isa = PBXFrameworksBuildPhase;
			buildActionMask = 2147483647;
			files = (
			);
			runOnlyForDeploymentPostprocessing = 0;
		};
		7BF85BC12101C7F90086E01A /* Frameworks */ = {
			isa = PBXFrameworksBuildPhase;
			buildActionMask = 2147483647;
			files = (
				7BF85BC72101C7F90086E01A /* NotificationCenter.framework in Frameworks */,
			);
			runOnlyForDeploymentPostprocessing = 0;
		};
/* End PBXFrameworksBuildPhase section */

/* Begin PBXGroup section */
		13A404F82101E83200C9724A /* SoundBoxMac */ = {
			isa = PBXGroup;
			children = (
				13A404F92101E83200C9724A /* AppDelegate.h */,
				13A404FA2101E83200C9724A /* AppDelegate.m */,
				13A404FC2101E83200C9724A /* ViewController.h */,
				13A404FD2101E83200C9724A /* ViewController.m */,
				13A404FF2101E83300C9724A /* Assets.xcassets */,
				13A405012101E83300C9724A /* Main.storyboard */,
				13A405042101E83300C9724A /* Info.plist */,
				13A405052101E83300C9724A /* main.m */,
				13A405072101E83300C9724A /* SoundBoxMac.entitlements */,
			);
			path = SoundBoxMac;
			sourceTree = "<group>";
		};
		7BF85B9E2101C77E0086E01A = {
			isa = PBXGroup;
			children = (
				7BF85BA92101C77E0086E01A /* SoundBox */,
				7BF85BC82101C7F90086E01A /* Widget */,
				13A404F82101E83200C9724A /* SoundBoxMac */,
				7BF85BC52101C7F90086E01A /* Frameworks */,
				7BF85BA82101C77E0086E01A /* Products */,
			);
			sourceTree = "<group>";
		};
		7BF85BA82101C77E0086E01A /* Products */ = {
			isa = PBXGroup;
			children = (
				7BF85BA72101C77E0086E01A /* SoundBox.app */,
				7BF85BC42101C7F90086E01A /* Widget.appex */,
				13A404F72101E83200C9724A /* SoundBoxMac.app */,
			);
			name = Products;
			sourceTree = "<group>";
		};
		7BF85BA92101C77E0086E01A /* SoundBox */ = {
			isa = PBXGroup;
			children = (
				7BF85BE32101D8230086E01A /* Shared */,
				7BF85BD72101CB7E0086E01A /* SoundBox.entitlements */,
				7BF85BAA2101C77E0086E01A /* AppDelegate.h */,
				7BF85BAB2101C77E0086E01A /* AppDelegate.m */,
				7BF85BAD2101C77E0086E01A /* ViewController.h */,
				7BF85BAE2101C77E0086E01A /* ViewController.m */,
				7BF85BB02101C77E0086E01A /* Main.storyboard */,
				7BF85BB32101C77F0086E01A /* Assets.xcassets */,
				7BF85BB52101C77F0086E01A /* LaunchScreen.storyboard */,
				7BF85BB82101C77F0086E01A /* Info.plist */,
				7BF85BB92101C77F0086E01A /* main.m */,
			);
			path = SoundBox;
			sourceTree = "<group>";
		};
		7BF85BC52101C7F90086E01A /* Frameworks */ = {
			isa = PBXGroup;
			children = (
				7BF85BC62101C7F90086E01A /* NotificationCenter.framework */,
			);
			name = Frameworks;
			sourceTree = "<group>";
		};
		7BF85BC82101C7F90086E01A /* Widget */ = {
			isa = PBXGroup;
			children = (
				7BF85BEC2101E14B0086E01A /* Ressources */,
				7BF85BD82101CBE70086E01A /* Widget.entitlements */,
				7BF85BC92101C7F90086E01A /* TodayViewController.h */,
				7BF85BCA2101C7F90086E01A /* TodayViewController.m */,
				7BF85BCC2101C7F90086E01A /* MainInterface.storyboard */,
				7BF85BCF2101C7F90086E01A /* Info.plist */,
				7BF85BD92101CC680086E01A /* SoundCollectionViewCell.h */,
				7BF85BDA2101CC680086E01A /* SoundCollectionViewCell.m */,
				7BF85BDB2101CC680086E01A /* SoundCollectionViewCell.xib */,
			);
			path = Widget;
			sourceTree = "<group>";
		};
		7BF85BE32101D8230086E01A /* Shared */ = {
			isa = PBXGroup;
			children = (
				7BF85BE42101D8350086E01A /* SoundItem.h */,
				7BF85BE52101D8350086E01A /* SoundItem.m */,
			);
			path = Shared;
			sourceTree = "<group>";
		};
		7BF85BEC2101E14B0086E01A /* Ressources */ = {
			isa = PBXGroup;
			children = (
				7BF85C232101FB660086E01A /* IZI.wav */,
				7BF85C202101FA020086E01A /* baptiste.wav */,
				7BF85C1D2101F9C40086E01A /* lecode.wav */,
				7BF85C1A2101F8BB0086E01A /* onenagros.wav */,
				7BF85C142101F52C0086E01A /* cestpasfaux.wav */,
				7BF85C112101EA280086E01A /* pasdefatigue.wav */,
				7BF85C0E2101E97A0086E01A /* joe.wav */,
				7BF85C0B2101E6C60086E01A /* mlleman.wav */,
				7BF85C082101E5900086E01A /* deloquetoi.wav */,
				7BF85C002101E2E30086E01A /* encoredutravail.wav */,
				7BF85C012101E2E30086E01A /* ouimessire.wav */,
				7BF85BFF2101E2E30086E01A /* turkey.wav */,
				7BF85BED2101E14B0086E01A /* autopromo.wav */,
				7BF85BEE2101E14C0086E01A /* stop.png */,
				7BF85BEF2101E14C0086E01A /* dejapostee.wav */,
				7BF85BF02101E14C0086E01A /* nice.wav */,
				7BF85BF12101E14C0086E01A /* issou.wav */,
				7BF85BF22101E14C0086E01A /* play.png */,
			);
			path = Ressources;
			sourceTree = SOURCE_ROOT;
		};
/* End PBXGroup section */

/* Begin PBXNativeTarget section */
		13A404F62101E83200C9724A /* SoundBoxMac */ = {
			isa = PBXNativeTarget;
			buildConfigurationList = 13A4050A2101E83300C9724A /* Build configuration list for PBXNativeTarget "SoundBoxMac" */;
			buildPhases = (
				13A404F32101E83200C9724A /* Sources */,
				13A404F42101E83200C9724A /* Frameworks */,
				13A404F52101E83200C9724A /* Resources */,
			);
			buildRules = (
			);
			dependencies = (
			);
			name = SoundBoxMac;
			productName = SoundBoxMac;
			productReference = 13A404F72101E83200C9724A /* SoundBoxMac.app */;
			productType = "com.apple.product-type.application";
		};
		7BF85BA62101C77E0086E01A /* SoundBox */ = {
			isa = PBXNativeTarget;
			buildConfigurationList = 7BF85BBD2101C77F0086E01A /* Build configuration list for PBXNativeTarget "SoundBox" */;
			buildPhases = (
				7BF85BA32101C77E0086E01A /* Sources */,
				7BF85BA42101C77E0086E01A /* Frameworks */,
				7BF85BA52101C77E0086E01A /* Resources */,
				7BF85BD62101C7F90086E01A /* Embed App Extensions */,
			);
			buildRules = (
			);
			dependencies = (
				7BF85BD12101C7F90086E01A /* PBXTargetDependency */,
			);
			name = SoundBox;
			productName = SoundBox;
			productReference = 7BF85BA72101C77E0086E01A /* SoundBox.app */;
			productType = "com.apple.product-type.application";
		};
		7BF85BC32101C7F90086E01A /* Widget */ = {
			isa = PBXNativeTarget;
			buildConfigurationList = 7BF85BD32101C7F90086E01A /* Build configuration list for PBXNativeTarget "Widget" */;
			buildPhases = (
				7BF85BC02101C7F90086E01A /* Sources */,
				7BF85BC12101C7F90086E01A /* Frameworks */,
				7BF85BC22101C7F90086E01A /* Resources */,
			);
			buildRules = (
			);
			dependencies = (
			);
			name = Widget;
			productName = Widget;
			productReference = 7BF85BC42101C7F90086E01A /* Widget.appex */;
			productType = "com.apple.product-type.app-extension";
		};
/* End PBXNativeTarget section */

/* Begin PBXProject section */
		7BF85B9F2101C77E0086E01A /* Project object */ = {
			isa = PBXProject;
			attributes = {
				LastUpgradeCheck = 0940;
				ORGANIZATIONNAME = pepper;
				TargetAttributes = {
					13A404F62101E83200C9724A = {
						CreatedOnToolsVersion = 9.4.1;
					};
					7BF85BA62101C77E0086E01A = {
						CreatedOnToolsVersion = 9.4.1;
						SystemCapabilities = {
							com.apple.ApplicationGroups.iOS = {
								enabled = 1;
							};
						};
					};
					7BF85BC32101C7F90086E01A = {
						CreatedOnToolsVersion = 9.4.1;
						SystemCapabilities = {
							com.apple.ApplicationGroups.iOS = {
								enabled = 1;
							};
						};
					};
				};
			};
			buildConfigurationList = 7BF85BA22101C77E0086E01A /* Build configuration list for PBXProject "SoundBox" */;
			compatibilityVersion = "Xcode 9.3";
			developmentRegion = en;
			hasScannedForEncodings = 0;
			knownRegions = (
				en,
				Base,
			);
			mainGroup = 7BF85B9E2101C77E0086E01A;
			productRefGroup = 7BF85BA82101C77E0086E01A /* Products */;
			projectDirPath = "";
			projectRoot = "";
			targets = (
				7BF85BA62101C77E0086E01A /* SoundBox */,
				7BF85BC32101C7F90086E01A /* Widget */,
				13A404F62101E83200C9724A /* SoundBoxMac */,
			);
		};
/* End PBXProject section */

/* Begin PBXResourcesBuildPhase section */
		13A404F52101E83200C9724A /* Resources */ = {
			isa = PBXResourcesBuildPhase;
			buildActionMask = 2147483647;
			files = (
				13A405002101E83300C9724A /* Assets.xcassets in Resources */,
				13A405032101E83300C9724A /* Main.storyboard in Resources */,
			);
			runOnlyForDeploymentPostprocessing = 0;
		};
		7BF85BA52101C77E0086E01A /* Resources */ = {
			isa = PBXResourcesBuildPhase;
			buildActionMask = 2147483647;
			files = (
				7BF85BFB2101E14C0086E01A /* issou.wav in Resources */,
				7BF85BB72101C77F0086E01A /* LaunchScreen.storyboard in Resources */,
				7BF85BFD2101E14C0086E01A /* play.png in Resources */,
				7BF85C092101E5900086E01A /* deloquetoi.wav in Resources */,
				7BF85C062101E2E30086E01A /* ouimessire.wav in Resources */,
				7BF85C1E2101F9C40086E01A /* lecode.wav in Resources */,
				7BF85C152101F52C0086E01A /* cestpasfaux.wav in Resources */,
				7BF85BF52101E14C0086E01A /* stop.png in Resources */,
				7BF85C212101FA020086E01A /* baptiste.wav in Resources */,
				7BF85C242101FB660086E01A /* IZI.wav in Resources */,
				7BF85BF72101E14C0086E01A /* dejapostee.wav in Resources */,
				7BF85BB42101C77F0086E01A /* Assets.xcassets in Resources */,
				7BF85C022101E2E30086E01A /* turkey.wav in Resources */,
				7BF85BB22101C77E0086E01A /* Main.storyboard in Resources */,
				7BF85BF32101E14C0086E01A /* autopromo.wav in Resources */,
				7BF85BF92101E14C0086E01A /* nice.wav in Resources */,
				7BF85C1B2101F8BB0086E01A /* onenagros.wav in Resources */,
				7BF85C0F2101E97A0086E01A /* joe.wav in Resources */,
				7BF85C042101E2E30086E01A /* encoredutravail.wav in Resources */,
				7BF85C122101EA280086E01A /* pasdefatigue.wav in Resources */,
				7BF85C0C2101E6C60086E01A /* mlleman.wav in Resources */,
			);
			runOnlyForDeploymentPostprocessing = 0;
		};
		7BF85BC22101C7F90086E01A /* Resources */ = {
			isa = PBXResourcesBuildPhase;
			buildActionMask = 2147483647;
			files = (
				7BF85BFE2101E14C0086E01A /* play.png in Resources */,
				7BF85BDD2101CC680086E01A /* SoundCollectionViewCell.xib in Resources */,
				7BF85C162101F52C0086E01A /* cestpasfaux.wav in Resources */,
				7BF85BF42101E14C0086E01A /* autopromo.wav in Resources */,
				7BF85C102101E97A0086E01A /* joe.wav in Resources */,
				7BF85C1C2101F8BB0086E01A /* onenagros.wav in Resources */,
				7BF85C052101E2E30086E01A /* encoredutravail.wav in Resources */,
				7BF85C032101E2E30086E01A /* turkey.wav in Resources */,
				7BF85C0D2101E6C60086E01A /* mlleman.wav in Resources */,
				7BF85C0A2101E5900086E01A /* deloquetoi.wav in Resources */,
				7BF85BFA2101E14C0086E01A /* nice.wav in Resources */,
				7BF85C132101EA280086E01A /* pasdefatigue.wav in Resources */,
				7BF85C072101E2E30086E01A /* ouimessire.wav in Resources */,
				7BF85BF82101E14C0086E01A /* dejapostee.wav in Resources */,
				7BF85C222101FA020086E01A /* baptiste.wav in Resources */,
				7BF85BCE2101C7F90086E01A /* MainInterface.storyboard in Resources */,
				7BF85C1F2101F9C40086E01A /* lecode.wav in Resources */,
				7BF85BF62101E14C0086E01A /* stop.png in Resources */,
				7BF85BFC2101E14C0086E01A /* issou.wav in Resources */,
				7BF85C252101FB660086E01A /* IZI.wav in Resources */,
			);
			runOnlyForDeploymentPostprocessing = 0;
		};
/* End PBXResourcesBuildPhase section */

/* Begin PBXSourcesBuildPhase section */
		13A404F32101E83200C9724A /* Sources */ = {
			isa = PBXSourcesBuildPhase;
			buildActionMask = 2147483647;
			files = (
				13A404FE2101E83200C9724A /* ViewController.m in Sources */,
				13A405062101E83300C9724A /* main.m in Sources */,
				13A404FB2101E83200C9724A /* AppDelegate.m in Sources */,
			);
			runOnlyForDeploymentPostprocessing = 0;
		};
		7BF85BA32101C77E0086E01A /* Sources */ = {
			isa = PBXSourcesBuildPhase;
			buildActionMask = 2147483647;
			files = (
				7BF85BAF2101C77E0086E01A /* ViewController.m in Sources */,
				7BF85BBA2101C77F0086E01A /* main.m in Sources */,
				7BF85BE62101D8350086E01A /* SoundItem.m in Sources */,
				7BF85BAC2101C77E0086E01A /* AppDelegate.m in Sources */,
			);
			runOnlyForDeploymentPostprocessing = 0;
		};
		7BF85BC02101C7F90086E01A /* Sources */ = {
			isa = PBXSourcesBuildPhase;
			buildActionMask = 2147483647;
			files = (
				7BF85BDC2101CC680086E01A /* SoundCollectionViewCell.m in Sources */,
				7BF85BE72101D83A0086E01A /* SoundItem.m in Sources */,
				7BF85BCB2101C7F90086E01A /* TodayViewController.m in Sources */,
			);
			runOnlyForDeploymentPostprocessing = 0;
		};
/* End PBXSourcesBuildPhase section */

/* Begin PBXTargetDependency section */
		7BF85BD12101C7F90086E01A /* PBXTargetDependency */ = {
			isa = PBXTargetDependency;
			target = 7BF85BC32101C7F90086E01A /* Widget */;
			targetProxy = 7BF85BD02101C7F90086E01A /* PBXContainerItemProxy */;
		};
/* End PBXTargetDependency section */

/* Begin PBXVariantGroup section */
		13A405012101E83300C9724A /* Main.storyboard */ = {
			isa = PBXVariantGroup;
			children = (
				13A405022101E83300C9724A /* Base */,
			);
			name = Main.storyboard;
			sourceTree = "<group>";
		};
		7BF85BB02101C77E0086E01A /* Main.storyboard */ = {
			isa = PBXVariantGroup;
			children = (
				7BF85BB12101C77E0086E01A /* Base */,
			);
			name = Main.storyboard;
			sourceTree = "<group>";
		};
		7BF85BB52101C77F0086E01A /* LaunchScreen.storyboard */ = {
			isa = PBXVariantGroup;
			children = (
				7BF85BB62101C77F0086E01A /* Base */,
			);
			name = LaunchScreen.storyboard;
			sourceTree = "<group>";
		};
		7BF85BCC2101C7F90086E01A /* MainInterface.storyboard */ = {
			isa = PBXVariantGroup;
			children = (
				7BF85BCD2101C7F90086E01A /* Base */,
			);
			name = MainInterface.storyboard;
			sourceTree = "<group>";
		};
/* End PBXVariantGroup section */

/* Begin XCBuildConfiguration section */
		13A405082101E83300C9724A /* Debug */ = {
			isa = XCBuildConfiguration;
			buildSettings = {
				ASSETCATALOG_COMPILER_APPICON_NAME = AppIcon;
				CODE_SIGN_ENTITLEMENTS = SoundBoxMac/SoundBoxMac.entitlements;
				CODE_SIGN_IDENTITY = "-";
				CODE_SIGN_STYLE = Automatic;
				COMBINE_HIDPI_IMAGES = YES;
				INFOPLIST_FILE = SoundBoxMac/Info.plist;
				LD_RUNPATH_SEARCH_PATHS = (
					"$(inherited)",
					"@executable_path/../Frameworks",
				);
				MACOSX_DEPLOYMENT_TARGET = 10.13;
				PRODUCT_BUNDLE_IDENTIFIER = pepper.SoundBoxMac;
				PRODUCT_NAME = "$(TARGET_NAME)";
				SDKROOT = macosx;
			};
			name = Debug;
		};
		13A405092101E83300C9724A /* Release */ = {
			isa = XCBuildConfiguration;
			buildSettings = {
				ASSETCATALOG_COMPILER_APPICON_NAME = AppIcon;
				CODE_SIGN_ENTITLEMENTS = SoundBoxMac/SoundBoxMac.entitlements;
				CODE_SIGN_IDENTITY = "-";
				CODE_SIGN_STYLE = Automatic;
				COMBINE_HIDPI_IMAGES = YES;
				INFOPLIST_FILE = SoundBoxMac/Info.plist;
				LD_RUNPATH_SEARCH_PATHS = (
					"$(inherited)",
					"@executable_path/../Frameworks",
				);
				MACOSX_DEPLOYMENT_TARGET = 10.13;
				PRODUCT_BUNDLE_IDENTIFIER = pepper.SoundBoxMac;
				PRODUCT_NAME = "$(TARGET_NAME)";
				SDKROOT = macosx;
			};
			name = Release;
		};
		7BF85BBB2101C77F0086E01A /* Debug */ = {
			isa = XCBuildConfiguration;
			buildSettings = {
				ALWAYS_SEARCH_USER_PATHS = NO;
				CLANG_ANALYZER_NONNULL = YES;
				CLANG_ANALYZER_NUMBER_OBJECT_CONVERSION = YES_AGGRESSIVE;
				CLANG_CXX_LANGUAGE_STANDARD = "gnu++14";
				CLANG_CXX_LIBRARY = "libc++";
				CLANG_ENABLE_MODULES = YES;
				CLANG_ENABLE_OBJC_ARC = YES;
				CLANG_ENABLE_OBJC_WEAK = YES;
				CLANG_WARN_BLOCK_CAPTURE_AUTORELEASING = YES;
				CLANG_WARN_BOOL_CONVERSION = YES;
				CLANG_WARN_COMMA = YES;
				CLANG_WARN_CONSTANT_CONVERSION = YES;
				CLANG_WARN_DEPRECATED_OBJC_IMPLEMENTATIONS = YES;
				CLANG_WARN_DIRECT_OBJC_ISA_USAGE = YES_ERROR;
				CLANG_WARN_DOCUMENTATION_COMMENTS = YES;
				CLANG_WARN_EMPTY_BODY = YES;
				CLANG_WARN_ENUM_CONVERSION = YES;
				CLANG_WARN_INFINITE_RECURSION = YES;
				CLANG_WARN_INT_CONVERSION = YES;
				CLANG_WARN_NON_LITERAL_NULL_CONVERSION = YES;
				CLANG_WARN_OBJC_IMPLICIT_RETAIN_SELF = YES;
				CLANG_WARN_OBJC_LITERAL_CONVERSION = YES;
				CLANG_WARN_OBJC_ROOT_CLASS = YES_ERROR;
				CLANG_WARN_RANGE_LOOP_ANALYSIS = YES;
				CLANG_WARN_STRICT_PROTOTYPES = YES;
				CLANG_WARN_SUSPICIOUS_MOVE = YES;
				CLANG_WARN_UNGUARDED_AVAILABILITY = YES_AGGRESSIVE;
				CLANG_WARN_UNREACHABLE_CODE = YES;
				CLANG_WARN__DUPLICATE_METHOD_MATCH = YES;
				CODE_SIGN_IDENTITY = "iPhone Developer";
				COPY_PHASE_STRIP = NO;
				DEBUG_INFORMATION_FORMAT = dwarf;
				ENABLE_STRICT_OBJC_MSGSEND = YES;
				ENABLE_TESTABILITY = YES;
				GCC_C_LANGUAGE_STANDARD = gnu11;
				GCC_DYNAMIC_NO_PIC = NO;
				GCC_NO_COMMON_BLOCKS = YES;
				GCC_OPTIMIZATION_LEVEL = 0;
				GCC_PREPROCESSOR_DEFINITIONS = (
					"DEBUG=1",
					"$(inherited)",
				);
				GCC_WARN_64_TO_32_BIT_CONVERSION = YES;
				GCC_WARN_ABOUT_RETURN_TYPE = YES_ERROR;
				GCC_WARN_UNDECLARED_SELECTOR = YES;
				GCC_WARN_UNINITIALIZED_AUTOS = YES_AGGRESSIVE;
				GCC_WARN_UNUSED_FUNCTION = YES;
				GCC_WARN_UNUSED_VARIABLE = YES;
				IPHONEOS_DEPLOYMENT_TARGET = 10.0;
				MTL_ENABLE_DEBUG_INFO = YES;
				ONLY_ACTIVE_ARCH = YES;
				SDKROOT = iphoneos;
			};
			name = Debug;
		};
		7BF85BBC2101C77F0086E01A /* Release */ = {
			isa = XCBuildConfiguration;
			buildSettings = {
				ALWAYS_SEARCH_USER_PATHS = NO;
				CLANG_ANALYZER_NONNULL = YES;
				CLANG_ANALYZER_NUMBER_OBJECT_CONVERSION = YES_AGGRESSIVE;
				CLANG_CXX_LANGUAGE_STANDARD = "gnu++14";
				CLANG_CXX_LIBRARY = "libc++";
				CLANG_ENABLE_MODULES = YES;
				CLANG_ENABLE_OBJC_ARC = YES;
				CLANG_ENABLE_OBJC_WEAK = YES;
				CLANG_WARN_BLOCK_CAPTURE_AUTORELEASING = YES;
				CLANG_WARN_BOOL_CONVERSION = YES;
				CLANG_WARN_COMMA = YES;
				CLANG_WARN_CONSTANT_CONVERSION = YES;
				CLANG_WARN_DEPRECATED_OBJC_IMPLEMENTATIONS = YES;
				CLANG_WARN_DIRECT_OBJC_ISA_USAGE = YES_ERROR;
				CLANG_WARN_DOCUMENTATION_COMMENTS = YES;
				CLANG_WARN_EMPTY_BODY = YES;
				CLANG_WARN_ENUM_CONVERSION = YES;
				CLANG_WARN_INFINITE_RECURSION = YES;
				CLANG_WARN_INT_CONVERSION = YES;
				CLANG_WARN_NON_LITERAL_NULL_CONVERSION = YES;
				CLANG_WARN_OBJC_IMPLICIT_RETAIN_SELF = YES;
				CLANG_WARN_OBJC_LITERAL_CONVERSION = YES;
				CLANG_WARN_OBJC_ROOT_CLASS = YES_ERROR;
				CLANG_WARN_RANGE_LOOP_ANALYSIS = YES;
				CLANG_WARN_STRICT_PROTOTYPES = YES;
				CLANG_WARN_SUSPICIOUS_MOVE = YES;
				CLANG_WARN_UNGUARDED_AVAILABILITY = YES_AGGRESSIVE;
				CLANG_WARN_UNREACHABLE_CODE = YES;
				CLANG_WARN__DUPLICATE_METHOD_MATCH = YES;
				CODE_SIGN_IDENTITY = "iPhone Developer";
				COPY_PHASE_STRIP = NO;
				DEBUG_INFORMATION_FORMAT = "dwarf-with-dsym";
				ENABLE_NS_ASSERTIONS = NO;
				ENABLE_STRICT_OBJC_MSGSEND = YES;
				GCC_C_LANGUAGE_STANDARD = gnu11;
				GCC_NO_COMMON_BLOCKS = YES;
				GCC_WARN_64_TO_32_BIT_CONVERSION = YES;
				GCC_WARN_ABOUT_RETURN_TYPE = YES_ERROR;
				GCC_WARN_UNDECLARED_SELECTOR = YES;
				GCC_WARN_UNINITIALIZED_AUTOS = YES_AGGRESSIVE;
				GCC_WARN_UNUSED_FUNCTION = YES;
				GCC_WARN_UNUSED_VARIABLE = YES;
				IPHONEOS_DEPLOYMENT_TARGET = 10.0;
				MTL_ENABLE_DEBUG_INFO = NO;
				SDKROOT = iphoneos;
				VALIDATE_PRODUCT = YES;
			};
			name = Release;
		};
		7BF85BBE2101C77F0086E01A /* Debug */ = {
			isa = XCBuildConfiguration;
			buildSettings = {
				ASSETCATALOG_COMPILER_APPICON_NAME = AppIcon;
				CODE_SIGN_ENTITLEMENTS = SoundBox/SoundBox.entitlements;
				CODE_SIGN_STYLE = Automatic;
				DEVELOPMENT_TEAM = 978Q5P78QZ;
				INFOPLIST_FILE = SoundBox/Info.plist;
				LD_RUNPATH_SEARCH_PATHS = (
					"$(inherited)",
					"@executable_path/Frameworks",
				);
				PRODUCT_BUNDLE_IDENTIFIER = com.pepper.app;
				PRODUCT_NAME = "$(TARGET_NAME)";
				TARGETED_DEVICE_FAMILY = "1,2";
			};
			name = Debug;
		};
		7BF85BBF2101C77F0086E01A /* Release */ = {
			isa = XCBuildConfiguration;
			buildSettings = {
				ASSETCATALOG_COMPILER_APPICON_NAME = AppIcon;
				CODE_SIGN_ENTITLEMENTS = SoundBox/SoundBox.entitlements;
				CODE_SIGN_STYLE = Automatic;
				DEVELOPMENT_TEAM = 978Q5P78QZ;
				INFOPLIST_FILE = SoundBox/Info.plist;
				LD_RUNPATH_SEARCH_PATHS = (
					"$(inherited)",
					"@executable_path/Frameworks",
				);
				PRODUCT_BUNDLE_IDENTIFIER = com.pepper.app;
				PRODUCT_NAME = "$(TARGET_NAME)";
				TARGETED_DEVICE_FAMILY = "1,2";
			};
			name = Release;
		};
		7BF85BD42101C7F90086E01A /* Debug */ = {
			isa = XCBuildConfiguration;
			buildSettings = {
				CODE_SIGN_ENTITLEMENTS = Widget/Widget.entitlements;
				CODE_SIGN_STYLE = Automatic;
				DEVELOPMENT_TEAM = 978Q5P78QZ;
				INFOPLIST_FILE = Widget/Info.plist;
				LD_RUNPATH_SEARCH_PATHS = (
					"$(inherited)",
					"@executable_path/Frameworks",
					"@executable_path/../../Frameworks",
				);
				PRODUCT_BUNDLE_IDENTIFIER = com.pepper.app.Widget;
				PRODUCT_NAME = "$(TARGET_NAME)";
				SKIP_INSTALL = YES;
				TARGETED_DEVICE_FAMILY = "1,2";
			};
			name = Debug;
		};
		7BF85BD52101C7F90086E01A /* Release */ = {
			isa = XCBuildConfiguration;
			buildSettings = {
				CODE_SIGN_ENTITLEMENTS = Widget/Widget.entitlements;
				CODE_SIGN_STYLE = Automatic;
				DEVELOPMENT_TEAM = 978Q5P78QZ;
				INFOPLIST_FILE = Widget/Info.plist;
				LD_RUNPATH_SEARCH_PATHS = (
					"$(inherited)",
					"@executable_path/Frameworks",
					"@executable_path/../../Frameworks",
				);
				PRODUCT_BUNDLE_IDENTIFIER = com.pepper.app.Widget;
				PRODUCT_NAME = "$(TARGET_NAME)";
				SKIP_INSTALL = YES;
				TARGETED_DEVICE_FAMILY = "1,2";
			};
			name = Release;
		};
/* End XCBuildConfiguration section */

/* Begin XCConfigurationList section */
		13A4050A2101E83300C9724A /* Build configuration list for PBXNativeTarget "SoundBoxMac" */ = {
			isa = XCConfigurationList;
			buildConfigurations = (
				13A405082101E83300C9724A /* Debug */,
				13A405092101E83300C9724A /* Release */,
			);
			defaultConfigurationIsVisible = 0;
			defaultConfigurationName = Release;
		};
		7BF85BA22101C77E0086E01A /* Build configuration list for PBXProject "SoundBox" */ = {
			isa = XCConfigurationList;
			buildConfigurations = (
				7BF85BBB2101C77F0086E01A /* Debug */,
				7BF85BBC2101C77F0086E01A /* Release */,
			);
			defaultConfigurationIsVisible = 0;
			defaultConfigurationName = Release;
		};
		7BF85BBD2101C77F0086E01A /* Build configuration list for PBXNativeTarget "SoundBox" */ = {
			isa = XCConfigurationList;
			buildConfigurations = (
				7BF85BBE2101C77F0086E01A /* Debug */,
				7BF85BBF2101C77F0086E01A /* Release */,
			);
			defaultConfigurationIsVisible = 0;
			defaultConfigurationName = Release;
		};
		7BF85BD32101C7F90086E01A /* Build configuration list for PBXNativeTarget "Widget" */ = {
			isa = XCConfigurationList;
			buildConfigurations = (
				7BF85BD42101C7F90086E01A /* Debug */,
				7BF85BD52101C7F90086E01A /* Release */,
			);
			defaultConfigurationIsVisible = 0;
			defaultConfigurationName = Release;
		};
/* End XCConfigurationList section */
	};
	rootObject = 7BF85B9F2101C77E0086E01A /* Project object */;
}
